// !$*UTF8*$!
{
	archiveVersion = 1;
	classes = {
	};
	objectVersion = 55;
	objects = {

/* Begin PBXBuildFile section */
		C005722A2820FDCF0033DF7B /* AppDelegate.swift in Sources */ = {isa = PBXBuildFile; fileRef = C00572292820FDCF0033DF7B /* AppDelegate.swift */; };
		C005722C2820FDCF0033DF7B /* SceneDelegate.swift in Sources */ = {isa = PBXBuildFile; fileRef = C005722B2820FDCF0033DF7B /* SceneDelegate.swift */; };
		C005722E2820FDCF0033DF7B /* ViewController.swift in Sources */ = {isa = PBXBuildFile; fileRef = C005722D2820FDCF0033DF7B /* ViewController.swift */; };
		C00572312820FDCF0033DF7B /* Main.storyboard in Resources */ = {isa = PBXBuildFile; fileRef = C005722F2820FDCF0033DF7B /* Main.storyboard */; };
		C00572332820FDD10033DF7B /* Assets.xcassets in Resources */ = {isa = PBXBuildFile; fileRef = C00572322820FDD10033DF7B /* Assets.xcassets */; };
		C00572362820FDD10033DF7B /* LaunchScreen.storyboard in Resources */ = {isa = PBXBuildFile; fileRef = C00572342820FDD10033DF7B /* LaunchScreen.storyboard */; };
		C00572442820FE1D0033DF7B /* AppDelegate.swift in Sources */ = {isa = PBXBuildFile; fileRef = C00572432820FE1D0033DF7B /* AppDelegate.swift */; };
		C00572462820FE1D0033DF7B /* SceneDelegate.swift in Sources */ = {isa = PBXBuildFile; fileRef = C00572452820FE1D0033DF7B /* SceneDelegate.swift */; };
		C00572482820FE1D0033DF7B /* ViewController.swift in Sources */ = {isa = PBXBuildFile; fileRef = C00572472820FE1D0033DF7B /* ViewController.swift */; };
		C005724B2820FE1D0033DF7B /* Main.storyboard in Resources */ = {isa = PBXBuildFile; fileRef = C00572492820FE1D0033DF7B /* Main.storyboard */; };
		C005724D2820FE1F0033DF7B /* Assets.xcassets in Resources */ = {isa = PBXBuildFile; fileRef = C005724C2820FE1F0033DF7B /* Assets.xcassets */; };
		C00572502820FE1F0033DF7B /* LaunchScreen.storyboard in Resources */ = {isa = PBXBuildFile; fileRef = C005724E2820FE1F0033DF7B /* LaunchScreen.storyboard */; };
		C005725D2820FF640033DF7B /* UnfurlURLChainedOperation.swift in Sources */ = {isa = PBXBuildFile; fileRef = C005725C2820FF640033DF7B /* UnfurlURLChainedOperation.swift */; };
		C005725F28210A370033DF7B /* FetchTitleChainedOperation.swift in Sources */ = {isa = PBXBuildFile; fileRef = C005725E28210A370033DF7B /* FetchTitleChainedOperation.swift */; };
		C005726728210D660033DF7B /* AppDelegate.swift in Sources */ = {isa = PBXBuildFile; fileRef = C005726628210D660033DF7B /* AppDelegate.swift */; };
		C005726928210D660033DF7B /* SceneDelegate.swift in Sources */ = {isa = PBXBuildFile; fileRef = C005726828210D660033DF7B /* SceneDelegate.swift */; };
		C005726B28210D660033DF7B /* ViewController.swift in Sources */ = {isa = PBXBuildFile; fileRef = C005726A28210D660033DF7B /* ViewController.swift */; };
		C005726E28210D660033DF7B /* Main.storyboard in Resources */ = {isa = PBXBuildFile; fileRef = C005726C28210D660033DF7B /* Main.storyboard */; };
		C005727028210D680033DF7B /* Assets.xcassets in Resources */ = {isa = PBXBuildFile; fileRef = C005726F28210D680033DF7B /* Assets.xcassets */; };
		C005727328210D680033DF7B /* LaunchScreen.storyboard in Resources */ = {isa = PBXBuildFile; fileRef = C005727128210D680033DF7B /* LaunchScreen.storyboard */; };
		C005728228210E000033DF7B /* DownloadImageOperation.swift in Sources */ = {isa = PBXBuildFile; fileRef = C005728128210E000033DF7B /* DownloadImageOperation.swift */; };
		C00F783A2821138A0000739B /* ImageGrayOperation.swift in Sources */ = {isa = PBXBuildFile; fileRef = C00F78392821138A0000739B /* ImageGrayOperation.swift */; };
		C00F785F282118A30000739B /* AsyncResultOperation.swift in Sources */ = {isa = PBXBuildFile; fileRef = C00F785C282118A30000739B /* AsyncResultOperation.swift */; };
		C00F7860282118A30000739B /* AsyncResultOperation.swift in Sources */ = {isa = PBXBuildFile; fileRef = C00F785C282118A30000739B /* AsyncResultOperation.swift */; };
		C00F7861282118A30000739B /* AsyncResultOperation.swift in Sources */ = {isa = PBXBuildFile; fileRef = C00F785C282118A30000739B /* AsyncResultOperation.swift */; };
		C00F7862282118A30000739B /* ChainedAsyncResultOperation.swift in Sources */ = {isa = PBXBuildFile; fileRef = C00F785D282118A30000739B /* ChainedAsyncResultOperation.swift */; };
		C00F7863282118A30000739B /* ChainedAsyncResultOperation.swift in Sources */ = {isa = PBXBuildFile; fileRef = C00F785D282118A30000739B /* ChainedAsyncResultOperation.swift */; };
		C00F7864282118A30000739B /* ChainedAsyncResultOperation.swift in Sources */ = {isa = PBXBuildFile; fileRef = C00F785D282118A30000739B /* ChainedAsyncResultOperation.swift */; };
		C00F7865282118A30000739B /* AsyncOperation.swift in Sources */ = {isa = PBXBuildFile; fileRef = C00F785E282118A30000739B /* AsyncOperation.swift */; };
		C00F7866282118A30000739B /* AsyncOperation.swift in Sources */ = {isa = PBXBuildFile; fileRef = C00F785E282118A30000739B /* AsyncOperation.swift */; };
		C00F7867282118A30000739B /* AsyncOperation.swift in Sources */ = {isa = PBXBuildFile; fileRef = C00F785E282118A30000739B /* AsyncOperation.swift */; };
		C04A9ED928215849006FCC65 /* Async2Operation.swift in Sources */ = {isa = PBXBuildFile; fileRef = C04A9ED828215849006FCC65 /* Async2Operation.swift */; };
		C04A9EDA28215849006FCC65 /* Async2Operation.swift in Sources */ = {isa = PBXBuildFile; fileRef = C04A9ED828215849006FCC65 /* Async2Operation.swift */; };
		C04A9EDB28215849006FCC65 /* Async2Operation.swift in Sources */ = {isa = PBXBuildFile; fileRef = C04A9ED828215849006FCC65 /* Async2Operation.swift */; };
		C0D0671F28216E3600E87E09 /* AppDelegate.swift in Sources */ = {isa = PBXBuildFile; fileRef = C0D0671E28216E3600E87E09 /* AppDelegate.swift */; };
		C0D0672128216E3600E87E09 /* SceneDelegate.swift in Sources */ = {isa = PBXBuildFile; fileRef = C0D0672028216E3600E87E09 /* SceneDelegate.swift */; };
		C0D0672328216E3600E87E09 /* ViewController.swift in Sources */ = {isa = PBXBuildFile; fileRef = C0D0672228216E3600E87E09 /* ViewController.swift */; };
		C0D0672628216E3600E87E09 /* Main.storyboard in Resources */ = {isa = PBXBuildFile; fileRef = C0D0672428216E3600E87E09 /* Main.storyboard */; };
		C0D0672828216E3800E87E09 /* Assets.xcassets in Resources */ = {isa = PBXBuildFile; fileRef = C0D0672728216E3800E87E09 /* Assets.xcassets */; };
		C0D0672B28216E3800E87E09 /* LaunchScreen.storyboard in Resources */ = {isa = PBXBuildFile; fileRef = C0D0672928216E3800E87E09 /* LaunchScreen.storyboard */; };
		C0D067392822250000E87E09 /* AppDelegate.swift in Sources */ = {isa = PBXBuildFile; fileRef = C0D067382822250000E87E09 /* AppDelegate.swift */; };
		C0D0673B2822250000E87E09 /* SceneDelegate.swift in Sources */ = {isa = PBXBuildFile; fileRef = C0D0673A2822250000E87E09 /* SceneDelegate.swift */; };
		C0D0673D2822250000E87E09 /* ViewController.swift in Sources */ = {isa = PBXBuildFile; fileRef = C0D0673C2822250000E87E09 /* ViewController.swift */; };
		C0D067402822250000E87E09 /* Main.storyboard in Resources */ = {isa = PBXBuildFile; fileRef = C0D0673E2822250000E87E09 /* Main.storyboard */; };
		C0D067422822250400E87E09 /* Assets.xcassets in Resources */ = {isa = PBXBuildFile; fileRef = C0D067412822250400E87E09 /* Assets.xcassets */; };
		C0D067452822250400E87E09 /* LaunchScreen.storyboard in Resources */ = {isa = PBXBuildFile; fileRef = C0D067432822250400E87E09 /* LaunchScreen.storyboard */; };
		C0D0674D2822254E00E87E09 /* ImageCell.swift in Sources */ = {isa = PBXBuildFile; fileRef = C0D0674C2822254E00E87E09 /* ImageCell.swift */; };
		C0D0674F282228AC00E87E09 /* ImageProvider.swift in Sources */ = {isa = PBXBuildFile; fileRef = C0D0674E282228AC00E87E09 /* ImageProvider.swift */; };
		C0D067602822297E00E87E09 /* ImageLoadOperation.swift in Sources */ = {isa = PBXBuildFile; fileRef = C0D0675F2822297E00E87E09 /* ImageLoadOperation.swift */; };
		C0D0676228222A5800E87E09 /* TiltShiftOperation.swift in Sources */ = {isa = PBXBuildFile; fileRef = C0D0676128222A5800E87E09 /* TiltShiftOperation.swift */; };
		C0D0676A2822536B00E87E09 /* Extension.swift in Sources */ = {isa = PBXBuildFile; fileRef = C0D067692822536B00E87E09 /* Extension.swift */; };
		C0D0676C2822537200E87E09 /* Extension.swift in Sources */ = {isa = PBXBuildFile; fileRef = C0D067692822536B00E87E09 /* Extension.swift */; };
		C0D0676D2822537300E87E09 /* Extension.swift in Sources */ = {isa = PBXBuildFile; fileRef = C0D067692822536B00E87E09 /* Extension.swift */; };
		C0D0676E2822537400E87E09 /* Extension.swift in Sources */ = {isa = PBXBuildFile; fileRef = C0D067692822536B00E87E09 /* Extension.swift */; };
		C0D067742822553400E87E09 /* Extension.swift in Sources */ = {isa = PBXBuildFile; fileRef = C0D067692822536B00E87E09 /* Extension.swift */; };
		C0D067752822553500E87E09 /* AsyncOperation.swift in Sources */ = {isa = PBXBuildFile; fileRef = C00F785E282118A30000739B /* AsyncOperation.swift */; };
		C0D067762822553500E87E09 /* ChainedAsyncResultOperation.swift in Sources */ = {isa = PBXBuildFile; fileRef = C00F785D282118A30000739B /* ChainedAsyncResultOperation.swift */; };
		C0D067772822553500E87E09 /* Async2Operation.swift in Sources */ = {isa = PBXBuildFile; fileRef = C04A9ED828215849006FCC65 /* Async2Operation.swift */; };
		C0D067782822553500E87E09 /* AsyncResultOperation.swift in Sources */ = {isa = PBXBuildFile; fileRef = C00F785C282118A30000739B /* AsyncResultOperation.swift */; };
		C0D067792822553600E87E09 /* AsyncOperation.swift in Sources */ = {isa = PBXBuildFile; fileRef = C00F785E282118A30000739B /* AsyncOperation.swift */; };
		C0D0677A2822553600E87E09 /* ChainedAsyncResultOperation.swift in Sources */ = {isa = PBXBuildFile; fileRef = C00F785D282118A30000739B /* ChainedAsyncResultOperation.swift */; };
		C0D0677B2822553600E87E09 /* Async2Operation.swift in Sources */ = {isa = PBXBuildFile; fileRef = C04A9ED828215849006FCC65 /* Async2Operation.swift */; };
		C0D0677C2822553600E87E09 /* AsyncResultOperation.swift in Sources */ = {isa = PBXBuildFile; fileRef = C00F785C282118A30000739B /* AsyncResultOperation.swift */; };
		C0D067812822578500E87E09 /* ImageGrayOperation.swift in Sources */ = {isa = PBXBuildFile; fileRef = C0D0677D2822578500E87E09 /* ImageGrayOperation.swift */; };
		C0D067832822591E00E87E09 /* AsyncDependencyResultOperation.swift in Sources */ = {isa = PBXBuildFile; fileRef = C0D067822822591E00E87E09 /* AsyncDependencyResultOperation.swift */; };
		C0D067842822591E00E87E09 /* AsyncDependencyResultOperation.swift in Sources */ = {isa = PBXBuildFile; fileRef = C0D067822822591E00E87E09 /* AsyncDependencyResultOperation.swift */; };
		C0D067852822591E00E87E09 /* AsyncDependencyResultOperation.swift in Sources */ = {isa = PBXBuildFile; fileRef = C0D067822822591E00E87E09 /* AsyncDependencyResultOperation.swift */; };
		C0D067862822591E00E87E09 /* AsyncDependencyResultOperation.swift in Sources */ = {isa = PBXBuildFile; fileRef = C0D067822822591E00E87E09 /* AsyncDependencyResultOperation.swift */; };
		C0DF31B12827555D00C1B221 /* ViewModel.swift in Sources */ = {isa = PBXBuildFile; fileRef = C0DF31B02827555D00C1B221 /* ViewModel.swift */; };
		C0DF31B32827565D00C1B221 /* Photos.plist in Resources */ = {isa = PBXBuildFile; fileRef = C0DF31B22827565D00C1B221 /* Photos.plist */; };
		C0DF31B52827610B00C1B221 /* CollectionViewCell.swift in Sources */ = {isa = PBXBuildFile; fileRef = C0DF31B42827610B00C1B221 /* CollectionViewCell.swift */; };
		C0DF31B72827679F00C1B221 /* UIImageView+Extension.swift in Sources */ = {isa = PBXBuildFile; fileRef = C0DF31B62827679F00C1B221 /* UIImageView+Extension.swift */; };
/* End PBXBuildFile section */

/* Begin PBXFileReference section */
		C00572262820FDCF0033DF7B /* LearnOperation.app */ = {isa = PBXFileReference; explicitFileType = wrapper.application; includeInIndex = 0; path = LearnOperation.app; sourceTree = BUILT_PRODUCTS_DIR; };
		C00572292820FDCF0033DF7B /* AppDelegate.swift */ = {isa = PBXFileReference; lastKnownFileType = sourcecode.swift; path = AppDelegate.swift; sourceTree = "<group>"; };
		C005722B2820FDCF0033DF7B /* SceneDelegate.swift */ = {isa = PBXFileReference; lastKnownFileType = sourcecode.swift; path = SceneDelegate.swift; sourceTree = "<group>"; };
		C005722D2820FDCF0033DF7B /* ViewController.swift */ = {isa = PBXFileReference; lastKnownFileType = sourcecode.swift; path = ViewController.swift; sourceTree = "<group>"; };
		C00572302820FDCF0033DF7B /* Base */ = {isa = PBXFileReference; lastKnownFileType = file.storyboard; name = Base; path = Base.lproj/Main.storyboard; sourceTree = "<group>"; };
		C00572322820FDD10033DF7B /* Assets.xcassets */ = {isa = PBXFileReference; lastKnownFileType = folder.assetcatalog; path = Assets.xcassets; sourceTree = "<group>"; };
		C00572352820FDD10033DF7B /* Base */ = {isa = PBXFileReference; lastKnownFileType = file.storyboard; name = Base; path = Base.lproj/LaunchScreen.storyboard; sourceTree = "<group>"; };
		C00572372820FDD10033DF7B /* Info.plist */ = {isa = PBXFileReference; lastKnownFileType = text.plist.xml; path = Info.plist; sourceTree = "<group>"; };
		C00572412820FE1D0033DF7B /* ChainedAsyncOperation.app */ = {isa = PBXFileReference; explicitFileType = wrapper.application; includeInIndex = 0; path = ChainedAsyncOperation.app; sourceTree = BUILT_PRODUCTS_DIR; };
		C00572432820FE1D0033DF7B /* AppDelegate.swift */ = {isa = PBXFileReference; lastKnownFileType = sourcecode.swift; path = AppDelegate.swift; sourceTree = "<group>"; };
		C00572452820FE1D0033DF7B /* SceneDelegate.swift */ = {isa = PBXFileReference; lastKnownFileType = sourcecode.swift; path = SceneDelegate.swift; sourceTree = "<group>"; };
		C00572472820FE1D0033DF7B /* ViewController.swift */ = {isa = PBXFileReference; lastKnownFileType = sourcecode.swift; path = ViewController.swift; sourceTree = "<group>"; };
		C005724A2820FE1D0033DF7B /* Base */ = {isa = PBXFileReference; lastKnownFileType = file.storyboard; name = Base; path = Base.lproj/Main.storyboard; sourceTree = "<group>"; };
		C005724C2820FE1F0033DF7B /* Assets.xcassets */ = {isa = PBXFileReference; lastKnownFileType = folder.assetcatalog; path = Assets.xcassets; sourceTree = "<group>"; };
		C005724F2820FE1F0033DF7B /* Base */ = {isa = PBXFileReference; lastKnownFileType = file.storyboard; name = Base; path = Base.lproj/LaunchScreen.storyboard; sourceTree = "<group>"; };
		C00572512820FE1F0033DF7B /* Info.plist */ = {isa = PBXFileReference; lastKnownFileType = text.plist.xml; path = Info.plist; sourceTree = "<group>"; };
		C005725C2820FF640033DF7B /* UnfurlURLChainedOperation.swift */ = {isa = PBXFileReference; lastKnownFileType = sourcecode.swift; path = UnfurlURLChainedOperation.swift; sourceTree = "<group>"; };
		C005725E28210A370033DF7B /* FetchTitleChainedOperation.swift */ = {isa = PBXFileReference; lastKnownFileType = sourcecode.swift; path = FetchTitleChainedOperation.swift; sourceTree = "<group>"; };
		C005726428210D660033DF7B /* ChainedAsyncOperation2.app */ = {isa = PBXFileReference; explicitFileType = wrapper.application; includeInIndex = 0; path = ChainedAsyncOperation2.app; sourceTree = BUILT_PRODUCTS_DIR; };
		C005726628210D660033DF7B /* AppDelegate.swift */ = {isa = PBXFileReference; lastKnownFileType = sourcecode.swift; path = AppDelegate.swift; sourceTree = "<group>"; };
		C005726828210D660033DF7B /* SceneDelegate.swift */ = {isa = PBXFileReference; lastKnownFileType = sourcecode.swift; path = SceneDelegate.swift; sourceTree = "<group>"; };
		C005726A28210D660033DF7B /* ViewController.swift */ = {isa = PBXFileReference; lastKnownFileType = sourcecode.swift; path = ViewController.swift; sourceTree = "<group>"; };
		C005726D28210D660033DF7B /* Base */ = {isa = PBXFileReference; lastKnownFileType = file.storyboard; name = Base; path = Base.lproj/Main.storyboard; sourceTree = "<group>"; };
		C005726F28210D680033DF7B /* Assets.xcassets */ = {isa = PBXFileReference; lastKnownFileType = folder.assetcatalog; path = Assets.xcassets; sourceTree = "<group>"; };
		C005727228210D680033DF7B /* Base */ = {isa = PBXFileReference; lastKnownFileType = file.storyboard; name = Base; path = Base.lproj/LaunchScreen.storyboard; sourceTree = "<group>"; };
		C005727428210D680033DF7B /* Info.plist */ = {isa = PBXFileReference; lastKnownFileType = text.plist.xml; path = Info.plist; sourceTree = "<group>"; };
		C005728128210E000033DF7B /* DownloadImageOperation.swift */ = {isa = PBXFileReference; lastKnownFileType = sourcecode.swift; path = DownloadImageOperation.swift; sourceTree = "<group>"; };
		C00F78392821138A0000739B /* ImageGrayOperation.swift */ = {isa = PBXFileReference; lastKnownFileType = sourcecode.swift; path = ImageGrayOperation.swift; sourceTree = "<group>"; };
		C00F785C282118A30000739B /* AsyncResultOperation.swift */ = {isa = PBXFileReference; fileEncoding = 4; lastKnownFileType = sourcecode.swift; path = AsyncResultOperation.swift; sourceTree = "<group>"; };
		C00F785D282118A30000739B /* ChainedAsyncResultOperation.swift */ = {isa = PBXFileReference; fileEncoding = 4; lastKnownFileType = sourcecode.swift; path = ChainedAsyncResultOperation.swift; sourceTree = "<group>"; };
		C00F785E282118A30000739B /* AsyncOperation.swift */ = {isa = PBXFileReference; fileEncoding = 4; lastKnownFileType = sourcecode.swift; path = AsyncOperation.swift; sourceTree = "<group>"; };
		C04A9ED828215849006FCC65 /* Async2Operation.swift */ = {isa = PBXFileReference; lastKnownFileType = sourcecode.swift; path = Async2Operation.swift; sourceTree = "<group>"; };
		C0D0671C28216E3600E87E09 /* SimpleSD.app */ = {isa = PBXFileReference; explicitFileType = wrapper.application; includeInIndex = 0; path = SimpleSD.app; sourceTree = BUILT_PRODUCTS_DIR; };
		C0D0671E28216E3600E87E09 /* AppDelegate.swift */ = {isa = PBXFileReference; lastKnownFileType = sourcecode.swift; path = AppDelegate.swift; sourceTree = "<group>"; };
		C0D0672028216E3600E87E09 /* SceneDelegate.swift */ = {isa = PBXFileReference; lastKnownFileType = sourcecode.swift; path = SceneDelegate.swift; sourceTree = "<group>"; };
		C0D0672228216E3600E87E09 /* ViewController.swift */ = {isa = PBXFileReference; lastKnownFileType = sourcecode.swift; path = ViewController.swift; sourceTree = "<group>"; };
		C0D0672528216E3600E87E09 /* Base */ = {isa = PBXFileReference; lastKnownFileType = file.storyboard; name = Base; path = Base.lproj/Main.storyboard; sourceTree = "<group>"; };
		C0D0672728216E3800E87E09 /* Assets.xcassets */ = {isa = PBXFileReference; lastKnownFileType = folder.assetcatalog; path = Assets.xcassets; sourceTree = "<group>"; };
		C0D0672A28216E3800E87E09 /* Base */ = {isa = PBXFileReference; lastKnownFileType = file.storyboard; name = Base; path = Base.lproj/LaunchScreen.storyboard; sourceTree = "<group>"; };
		C0D0672C28216E3800E87E09 /* Info.plist */ = {isa = PBXFileReference; lastKnownFileType = text.plist.xml; path = Info.plist; sourceTree = "<group>"; };
		C0D06736282224FF00E87E09 /* OperationPractice.app */ = {isa = PBXFileReference; explicitFileType = wrapper.application; includeInIndex = 0; path = OperationPractice.app; sourceTree = BUILT_PRODUCTS_DIR; };
		C0D067382822250000E87E09 /* AppDelegate.swift */ = {isa = PBXFileReference; lastKnownFileType = sourcecode.swift; path = AppDelegate.swift; sourceTree = "<group>"; };
		C0D0673A2822250000E87E09 /* SceneDelegate.swift */ = {isa = PBXFileReference; lastKnownFileType = sourcecode.swift; path = SceneDelegate.swift; sourceTree = "<group>"; };
		C0D0673C2822250000E87E09 /* ViewController.swift */ = {isa = PBXFileReference; lastKnownFileType = sourcecode.swift; path = ViewController.swift; sourceTree = "<group>"; };
		C0D0673F2822250000E87E09 /* Base */ = {isa = PBXFileReference; lastKnownFileType = file.storyboard; name = Base; path = Base.lproj/Main.storyboard; sourceTree = "<group>"; };
		C0D067412822250400E87E09 /* Assets.xcassets */ = {isa = PBXFileReference; lastKnownFileType = folder.assetcatalog; path = Assets.xcassets; sourceTree = "<group>"; };
		C0D067442822250400E87E09 /* Base */ = {isa = PBXFileReference; lastKnownFileType = file.storyboard; name = Base; path = Base.lproj/LaunchScreen.storyboard; sourceTree = "<group>"; };
		C0D067462822250400E87E09 /* Info.plist */ = {isa = PBXFileReference; lastKnownFileType = text.plist.xml; path = Info.plist; sourceTree = "<group>"; };
		C0D0674C2822254E00E87E09 /* ImageCell.swift */ = {isa = PBXFileReference; lastKnownFileType = sourcecode.swift; path = ImageCell.swift; sourceTree = "<group>"; };
		C0D0674E282228AC00E87E09 /* ImageProvider.swift */ = {isa = PBXFileReference; lastKnownFileType = sourcecode.swift; path = ImageProvider.swift; sourceTree = "<group>"; };
		C0D0675F2822297E00E87E09 /* ImageLoadOperation.swift */ = {isa = PBXFileReference; lastKnownFileType = sourcecode.swift; path = ImageLoadOperation.swift; sourceTree = "<group>"; };
		C0D0676128222A5800E87E09 /* TiltShiftOperation.swift */ = {isa = PBXFileReference; lastKnownFileType = sourcecode.swift; path = TiltShiftOperation.swift; sourceTree = "<group>"; };
		C0D067692822536B00E87E09 /* Extension.swift */ = {isa = PBXFileReference; lastKnownFileType = sourcecode.swift; path = Extension.swift; sourceTree = "<group>"; };
		C0D0677D2822578500E87E09 /* ImageGrayOperation.swift */ = {isa = PBXFileReference; lastKnownFileType = sourcecode.swift; path = ImageGrayOperation.swift; sourceTree = "<group>"; };
		C0D067822822591E00E87E09 /* AsyncDependencyResultOperation.swift */ = {isa = PBXFileReference; lastKnownFileType = sourcecode.swift; path = AsyncDependencyResultOperation.swift; sourceTree = "<group>"; };
		C0DF31B02827555D00C1B221 /* ViewModel.swift */ = {isa = PBXFileReference; lastKnownFileType = sourcecode.swift; path = ViewModel.swift; sourceTree = "<group>"; };
		C0DF31B22827565D00C1B221 /* Photos.plist */ = {isa = PBXFileReference; fileEncoding = 4; lastKnownFileType = text.plist.xml; path = Photos.plist; sourceTree = "<group>"; };
		C0DF31B42827610B00C1B221 /* CollectionViewCell.swift */ = {isa = PBXFileReference; lastKnownFileType = sourcecode.swift; path = CollectionViewCell.swift; sourceTree = "<group>"; };
		C0DF31B62827679F00C1B221 /* UIImageView+Extension.swift */ = {isa = PBXFileReference; lastKnownFileType = sourcecode.swift; path = "UIImageView+Extension.swift"; sourceTree = "<group>"; };
/* End PBXFileReference section */

/* Begin PBXFrameworksBuildPhase section */
		C00572232820FDCF0033DF7B /* Frameworks */ = {
			isa = PBXFrameworksBuildPhase;
			buildActionMask = 2147483647;
			files = (
			);
			runOnlyForDeploymentPostprocessing = 0;
		};
		C005723E2820FE1D0033DF7B /* Frameworks */ = {
			isa = PBXFrameworksBuildPhase;
			buildActionMask = 2147483647;
			files = (
			);
			runOnlyForDeploymentPostprocessing = 0;
		};
		C005726128210D660033DF7B /* Frameworks */ = {
			isa = PBXFrameworksBuildPhase;
			buildActionMask = 2147483647;
			files = (
			);
			runOnlyForDeploymentPostprocessing = 0;
		};
		C0D0671928216E3600E87E09 /* Frameworks */ = {
			isa = PBXFrameworksBuildPhase;
			buildActionMask = 2147483647;
			files = (
			);
			runOnlyForDeploymentPostprocessing = 0;
		};
		C0D06733282224FF00E87E09 /* Frameworks */ = {
			isa = PBXFrameworksBuildPhase;
			buildActionMask = 2147483647;
			files = (
			);
			runOnlyForDeploymentPostprocessing = 0;
		};
/* End PBXFrameworksBuildPhase section */

/* Begin PBXGroup section */
		C005721D2820FDCF0033DF7B = {
			isa = PBXGroup;
			children = (
				C00F785B282118A30000739B /* Source */,
				C00572282820FDCF0033DF7B /* LearnOperation */,
				C00572422820FE1D0033DF7B /* ChainedAsyncOperation */,
				C005726528210D660033DF7B /* ChainedAsyncOperation2 */,
				C0D0671D28216E3600E87E09 /* SimpleSD */,
				C0D067372822250000E87E09 /* OperationPractice */,
				C00572272820FDCF0033DF7B /* Products */,
			);
			sourceTree = "<group>";
		};
		C00572272820FDCF0033DF7B /* Products */ = {
			isa = PBXGroup;
			children = (
				C00572262820FDCF0033DF7B /* LearnOperation.app */,
				C00572412820FE1D0033DF7B /* ChainedAsyncOperation.app */,
				C005726428210D660033DF7B /* ChainedAsyncOperation2.app */,
				C0D0671C28216E3600E87E09 /* SimpleSD.app */,
				C0D06736282224FF00E87E09 /* OperationPractice.app */,
			);
			name = Products;
			sourceTree = "<group>";
		};
		C00572282820FDCF0033DF7B /* LearnOperation */ = {
			isa = PBXGroup;
			children = (
				C00572292820FDCF0033DF7B /* AppDelegate.swift */,
				C005722B2820FDCF0033DF7B /* SceneDelegate.swift */,
				C005722D2820FDCF0033DF7B /* ViewController.swift */,
				C005722F2820FDCF0033DF7B /* Main.storyboard */,
				C00572322820FDD10033DF7B /* Assets.xcassets */,
				C00572342820FDD10033DF7B /* LaunchScreen.storyboard */,
				C00572372820FDD10033DF7B /* Info.plist */,
			);
			path = LearnOperation;
			sourceTree = "<group>";
		};
		C00572422820FE1D0033DF7B /* ChainedAsyncOperation */ = {
			isa = PBXGroup;
			children = (
				C005727828210D930033DF7B /* Example */,
				C00572432820FE1D0033DF7B /* AppDelegate.swift */,
				C00572452820FE1D0033DF7B /* SceneDelegate.swift */,
				C00572472820FE1D0033DF7B /* ViewController.swift */,
				C00572492820FE1D0033DF7B /* Main.storyboard */,
				C005724C2820FE1F0033DF7B /* Assets.xcassets */,
				C005724E2820FE1F0033DF7B /* LaunchScreen.storyboard */,
				C00572512820FE1F0033DF7B /* Info.plist */,
			);
			path = ChainedAsyncOperation;
			sourceTree = "<group>";
		};
		C005726528210D660033DF7B /* ChainedAsyncOperation2 */ = {
			isa = PBXGroup;
			children = (
				C005728028210DF70033DF7B /* Example */,
				C005726628210D660033DF7B /* AppDelegate.swift */,
				C005726828210D660033DF7B /* SceneDelegate.swift */,
				C005726A28210D660033DF7B /* ViewController.swift */,
				C005726C28210D660033DF7B /* Main.storyboard */,
				C005726F28210D680033DF7B /* Assets.xcassets */,
				C005727128210D680033DF7B /* LaunchScreen.storyboard */,
				C005727428210D680033DF7B /* Info.plist */,
			);
			path = ChainedAsyncOperation2;
			sourceTree = "<group>";
		};
		C005727828210D930033DF7B /* Example */ = {
			isa = PBXGroup;
			children = (
				C005725C2820FF640033DF7B /* UnfurlURLChainedOperation.swift */,
				C005725E28210A370033DF7B /* FetchTitleChainedOperation.swift */,
			);
			path = Example;
			sourceTree = "<group>";
		};
		C005728028210DF70033DF7B /* Example */ = {
			isa = PBXGroup;
			children = (
				C005728128210E000033DF7B /* DownloadImageOperation.swift */,
				C00F78392821138A0000739B /* ImageGrayOperation.swift */,
			);
			path = Example;
			sourceTree = "<group>";
		};
		C00F785B282118A30000739B /* Source */ = {
			isa = PBXGroup;
			children = (
				C00F785E282118A30000739B /* AsyncOperation.swift */,
				C04A9ED828215849006FCC65 /* Async2Operation.swift */,
				C00F785C282118A30000739B /* AsyncResultOperation.swift */,
				C00F785D282118A30000739B /* ChainedAsyncResultOperation.swift */,
				C0D067822822591E00E87E09 /* AsyncDependencyResultOperation.swift */,
				C0D067692822536B00E87E09 /* Extension.swift */,
			);
			path = Source;
			sourceTree = "<group>";
		};
		C0D0671D28216E3600E87E09 /* SimpleSD */ = {
			isa = PBXGroup;
			children = (
				C0DF31AF282754F700C1B221 /* Source */,
				C0D0671E28216E3600E87E09 /* AppDelegate.swift */,
				C0D0672028216E3600E87E09 /* SceneDelegate.swift */,
				C0D0672228216E3600E87E09 /* ViewController.swift */,
				C0DF31B22827565D00C1B221 /* Photos.plist */,
				C0D0672428216E3600E87E09 /* Main.storyboard */,
				C0D0672728216E3800E87E09 /* Assets.xcassets */,
				C0D0672928216E3800E87E09 /* LaunchScreen.storyboard */,
				C0D0672C28216E3800E87E09 /* Info.plist */,
			);
			path = SimpleSD;
			sourceTree = "<group>";
		};
		C0D067372822250000E87E09 /* OperationPractice */ = {
			isa = PBXGroup;
			children = (
				C0D0674B2822254400E87E09 /* Example */,
				C0D067382822250000E87E09 /* AppDelegate.swift */,
				C0D0673A2822250000E87E09 /* SceneDelegate.swift */,
				C0D0673C2822250000E87E09 /* ViewController.swift */,
				C0D0673E2822250000E87E09 /* Main.storyboard */,
				C0D067412822250400E87E09 /* Assets.xcassets */,
				C0D067432822250400E87E09 /* LaunchScreen.storyboard */,
				C0D067462822250400E87E09 /* Info.plist */,
			);
			path = OperationPractice;
			sourceTree = "<group>";
		};
		C0D0674B2822254400E87E09 /* Example */ = {
			isa = PBXGroup;
			children = (
				C0D0674C2822254E00E87E09 /* ImageCell.swift */,
				C0D0674E282228AC00E87E09 /* ImageProvider.swift */,
				C0D0675F2822297E00E87E09 /* ImageLoadOperation.swift */,
				C0D0676128222A5800E87E09 /* TiltShiftOperation.swift */,
				C0D0677D2822578500E87E09 /* ImageGrayOperation.swift */,
			);
			path = Example;
			sourceTree = "<group>";
		};
		C0DF31AF282754F700C1B221 /* Source */ = {
			isa = PBXGroup;
			children = (
				C0DF31B02827555D00C1B221 /* ViewModel.swift */,
				C0DF31B42827610B00C1B221 /* CollectionViewCell.swift */,
				C0DF31B62827679F00C1B221 /* UIImageView+Extension.swift */,
			);
			path = Source;
			sourceTree = "<group>";
		};
/* End PBXGroup section */

/* Begin PBXNativeTarget section */
		C00572252820FDCF0033DF7B /* LearnOperation */ = {
			isa = PBXNativeTarget;
			buildConfigurationList = C005723A2820FDD10033DF7B /* Build configuration list for PBXNativeTarget "LearnOperation" */;
			buildPhases = (
				C00572222820FDCF0033DF7B /* Sources */,
				C00572232820FDCF0033DF7B /* Frameworks */,
				C00572242820FDCF0033DF7B /* Resources */,
			);
			buildRules = (
			);
			dependencies = (
			);
			name = LearnOperation;
			productName = LearnOperation;
			productReference = C00572262820FDCF0033DF7B /* LearnOperation.app */;
			productType = "com.apple.product-type.application";
		};
		C00572402820FE1D0033DF7B /* ChainedAsyncOperation */ = {
			isa = PBXNativeTarget;
			buildConfigurationList = C00572522820FE1F0033DF7B /* Build configuration list for PBXNativeTarget "ChainedAsyncOperation" */;
			buildPhases = (
				C005723D2820FE1D0033DF7B /* Sources */,
				C005723E2820FE1D0033DF7B /* Frameworks */,
				C005723F2820FE1D0033DF7B /* Resources */,
			);
			buildRules = (
			);
			dependencies = (
			);
			name = ChainedAsyncOperation;
			productName = ChainedAsyncOperation;
			productReference = C00572412820FE1D0033DF7B /* ChainedAsyncOperation.app */;
			productType = "com.apple.product-type.application";
		};
		C005726328210D660033DF7B /* ChainedAsyncOperation2 */ = {
			isa = PBXNativeTarget;
			buildConfigurationList = C005727528210D680033DF7B /* Build configuration list for PBXNativeTarget "ChainedAsyncOperation2" */;
			buildPhases = (
				C005726028210D660033DF7B /* Sources */,
				C005726128210D660033DF7B /* Frameworks */,
				C005726228210D660033DF7B /* Resources */,
			);
			buildRules = (
			);
			dependencies = (
			);
			name = ChainedAsyncOperation2;
			productName = ChainedAsyncOperation2;
			productReference = C005726428210D660033DF7B /* ChainedAsyncOperation2.app */;
			productType = "com.apple.product-type.application";
		};
		C0D0671B28216E3600E87E09 /* SimpleSD */ = {
			isa = PBXNativeTarget;
			buildConfigurationList = C0D0672F28216E3800E87E09 /* Build configuration list for PBXNativeTarget "SimpleSD" */;
			buildPhases = (
				C0D0671828216E3600E87E09 /* Sources */,
				C0D0671928216E3600E87E09 /* Frameworks */,
				C0D0671A28216E3600E87E09 /* Resources */,
			);
			buildRules = (
			);
			dependencies = (
			);
			name = SimpleSD;
			productName = SimpleSD;
			productReference = C0D0671C28216E3600E87E09 /* SimpleSD.app */;
			productType = "com.apple.product-type.application";
		};
		C0D06735282224FF00E87E09 /* OperationPractice */ = {
			isa = PBXNativeTarget;
			buildConfigurationList = C0D067492822250400E87E09 /* Build configuration list for PBXNativeTarget "OperationPractice" */;
			buildPhases = (
				C0D06732282224FF00E87E09 /* Sources */,
				C0D06733282224FF00E87E09 /* Frameworks */,
				C0D06734282224FF00E87E09 /* Resources */,
			);
			buildRules = (
			);
			dependencies = (
			);
			name = OperationPractice;
			productName = OperationPractice;
			productReference = C0D06736282224FF00E87E09 /* OperationPractice.app */;
			productType = "com.apple.product-type.application";
		};
/* End PBXNativeTarget section */

/* Begin PBXProject section */
		C005721E2820FDCF0033DF7B /* Project object */ = {
			isa = PBXProject;
			attributes = {
				BuildIndependentTargetsInParallel = 1;
				LastSwiftUpdateCheck = 1330;
				LastUpgradeCheck = 1330;
				TargetAttributes = {
					C00572252820FDCF0033DF7B = {
						CreatedOnToolsVersion = 13.3.1;
					};
					C00572402820FE1D0033DF7B = {
						CreatedOnToolsVersion = 13.3.1;
					};
					C005726328210D660033DF7B = {
						CreatedOnToolsVersion = 13.3.1;
					};
					C0D0671B28216E3600E87E09 = {
						CreatedOnToolsVersion = 13.3.1;
					};
					C0D06735282224FF00E87E09 = {
						CreatedOnToolsVersion = 13.3.1;
					};
				};
			};
			buildConfigurationList = C00572212820FDCF0033DF7B /* Build configuration list for PBXProject "LearnOperation" */;
			compatibilityVersion = "Xcode 13.0";
			developmentRegion = en;
			hasScannedForEncodings = 0;
			knownRegions = (
				en,
				Base,
			);
			mainGroup = C005721D2820FDCF0033DF7B;
			productRefGroup = C00572272820FDCF0033DF7B /* Products */;
			projectDirPath = "";
			projectRoot = "";
			targets = (
				C00572252820FDCF0033DF7B /* LearnOperation */,
				C00572402820FE1D0033DF7B /* ChainedAsyncOperation */,
				C005726328210D660033DF7B /* ChainedAsyncOperation2 */,
				C0D0671B28216E3600E87E09 /* SimpleSD */,
				C0D06735282224FF00E87E09 /* OperationPractice */,
			);
		};
/* End PBXProject section */

/* Begin PBXResourcesBuildPhase section */
		C00572242820FDCF0033DF7B /* Resources */ = {
			isa = PBXResourcesBuildPhase;
			buildActionMask = 2147483647;
			files = (
				C00572362820FDD10033DF7B /* LaunchScreen.storyboard in Resources */,
				C00572332820FDD10033DF7B /* Assets.xcassets in Resources */,
				C00572312820FDCF0033DF7B /* Main.storyboard in Resources */,
			);
			runOnlyForDeploymentPostprocessing = 0;
		};
		C005723F2820FE1D0033DF7B /* Resources */ = {
			isa = PBXResourcesBuildPhase;
			buildActionMask = 2147483647;
			files = (
				C00572502820FE1F0033DF7B /* LaunchScreen.storyboard in Resources */,
				C005724D2820FE1F0033DF7B /* Assets.xcassets in Resources */,
				C005724B2820FE1D0033DF7B /* Main.storyboard in Resources */,
			);
			runOnlyForDeploymentPostprocessing = 0;
		};
		C005726228210D660033DF7B /* Resources */ = {
			isa = PBXResourcesBuildPhase;
			buildActionMask = 2147483647;
			files = (
				C005727328210D680033DF7B /* LaunchScreen.storyboard in Resources */,
				C005727028210D680033DF7B /* Assets.xcassets in Resources */,
				C005726E28210D660033DF7B /* Main.storyboard in Resources */,
			);
			runOnlyForDeploymentPostprocessing = 0;
		};
		C0D0671A28216E3600E87E09 /* Resources */ = {
			isa = PBXResourcesBuildPhase;
			buildActionMask = 2147483647;
			files = (
				C0D0672B28216E3800E87E09 /* LaunchScreen.storyboard in Resources */,
				C0D0672828216E3800E87E09 /* Assets.xcassets in Resources */,
				C0D0672628216E3600E87E09 /* Main.storyboard in Resources */,
				C0DF31B32827565D00C1B221 /* Photos.plist in Resources */,
			);
			runOnlyForDeploymentPostprocessing = 0;
		};
		C0D06734282224FF00E87E09 /* Resources */ = {
			isa = PBXResourcesBuildPhase;
			buildActionMask = 2147483647;
			files = (
				C0D067452822250400E87E09 /* LaunchScreen.storyboard in Resources */,
				C0D067422822250400E87E09 /* Assets.xcassets in Resources */,
				C0D067402822250000E87E09 /* Main.storyboard in Resources */,
			);
			runOnlyForDeploymentPostprocessing = 0;
		};
/* End PBXResourcesBuildPhase section */

/* Begin PBXSourcesBuildPhase section */
		C00572222820FDCF0033DF7B /* Sources */ = {
			isa = PBXSourcesBuildPhase;
			buildActionMask = 2147483647;
			files = (
				C005722E2820FDCF0033DF7B /* ViewController.swift in Sources */,
				C005722A2820FDCF0033DF7B /* AppDelegate.swift in Sources */,
				C04A9ED928215849006FCC65 /* Async2Operation.swift in Sources */,
				C005722C2820FDCF0033DF7B /* SceneDelegate.swift in Sources */,
				C00F785F282118A30000739B /* AsyncResultOperation.swift in Sources */,
				C00F7865282118A30000739B /* AsyncOperation.swift in Sources */,
				C00F7862282118A30000739B /* ChainedAsyncResultOperation.swift in Sources */,
				C0D067742822553400E87E09 /* Extension.swift in Sources */,
			);
			runOnlyForDeploymentPostprocessing = 0;
		};
		C005723D2820FE1D0033DF7B /* Sources */ = {
			isa = PBXSourcesBuildPhase;
			buildActionMask = 2147483647;
			files = (
				C005725D2820FF640033DF7B /* UnfurlURLChainedOperation.swift in Sources */,
				C00572482820FE1D0033DF7B /* ViewController.swift in Sources */,
				C00572442820FE1D0033DF7B /* AppDelegate.swift in Sources */,
				C005725F28210A370033DF7B /* FetchTitleChainedOperation.swift in Sources */,
				C00572462820FE1D0033DF7B /* SceneDelegate.swift in Sources */,
				C0D0676C2822537200E87E09 /* Extension.swift in Sources */,
				C00F7860282118A30000739B /* AsyncResultOperation.swift in Sources */,
				C00F7866282118A30000739B /* AsyncOperation.swift in Sources */,
				C04A9EDA28215849006FCC65 /* Async2Operation.swift in Sources */,
				C0D067832822591E00E87E09 /* AsyncDependencyResultOperation.swift in Sources */,
				C00F7863282118A30000739B /* ChainedAsyncResultOperation.swift in Sources */,
			);
			runOnlyForDeploymentPostprocessing = 0;
		};
		C005726028210D660033DF7B /* Sources */ = {
			isa = PBXSourcesBuildPhase;
			buildActionMask = 2147483647;
			files = (
				C005726B28210D660033DF7B /* ViewController.swift in Sources */,
				C005726728210D660033DF7B /* AppDelegate.swift in Sources */,
				C00F783A2821138A0000739B /* ImageGrayOperation.swift in Sources */,
				C005728228210E000033DF7B /* DownloadImageOperation.swift in Sources */,
				C005726928210D660033DF7B /* SceneDelegate.swift in Sources */,
				C0D0676D2822537300E87E09 /* Extension.swift in Sources */,
				C00F7861282118A30000739B /* AsyncResultOperation.swift in Sources */,
				C00F7867282118A30000739B /* AsyncOperation.swift in Sources */,
				C04A9EDB28215849006FCC65 /* Async2Operation.swift in Sources */,
				C0D067842822591E00E87E09 /* AsyncDependencyResultOperation.swift in Sources */,
				C00F7864282118A30000739B /* ChainedAsyncResultOperation.swift in Sources */,
			);
			runOnlyForDeploymentPostprocessing = 0;
		};
		C0D0671828216E3600E87E09 /* Sources */ = {
			isa = PBXSourcesBuildPhase;
			buildActionMask = 2147483647;
			files = (
				C0D0672328216E3600E87E09 /* ViewController.swift in Sources */,
				C0DF31B72827679F00C1B221 /* UIImageView+Extension.swift in Sources */,
				C0D0671F28216E3600E87E09 /* AppDelegate.swift in Sources */,
				C0D0672128216E3600E87E09 /* SceneDelegate.swift in Sources */,
				C0D0677C2822553600E87E09 /* AsyncResultOperation.swift in Sources */,
				C0D067792822553600E87E09 /* AsyncOperation.swift in Sources */,
				C0DF31B12827555D00C1B221 /* ViewModel.swift in Sources */,
				C0D0677A2822553600E87E09 /* ChainedAsyncResultOperation.swift in Sources */,
				C0D0676E2822537400E87E09 /* Extension.swift in Sources */,
				C0D067852822591E00E87E09 /* AsyncDependencyResultOperation.swift in Sources */,
				C0DF31B52827610B00C1B221 /* CollectionViewCell.swift in Sources */,
				C0D0677B2822553600E87E09 /* Async2Operation.swift in Sources */,
			);
			runOnlyForDeploymentPostprocessing = 0;
		};
		C0D06732282224FF00E87E09 /* Sources */ = {
			isa = PBXSourcesBuildPhase;
			buildActionMask = 2147483647;
			files = (
				C0D067772822553500E87E09 /* Async2Operation.swift in Sources */,
				C0D0674F282228AC00E87E09 /* ImageProvider.swift in Sources */,
				C0D0673D2822250000E87E09 /* ViewController.swift in Sources */,
				C0D0674D2822254E00E87E09 /* ImageCell.swift in Sources */,
				C0D067392822250000E87E09 /* AppDelegate.swift in Sources */,
				C0D067782822553500E87E09 /* AsyncResultOperation.swift in Sources */,
				C0D0676A2822536B00E87E09 /* Extension.swift in Sources */,
				C0D067762822553500E87E09 /* ChainedAsyncResultOperation.swift in Sources */,
				C0D067602822297E00E87E09 /* ImageLoadOperation.swift in Sources */,
				C0D067862822591E00E87E09 /* AsyncDependencyResultOperation.swift in Sources */,
				C0D0673B2822250000E87E09 /* SceneDelegate.swift in Sources */,
				C0D067812822578500E87E09 /* ImageGrayOperation.swift in Sources */,
				C0D067752822553500E87E09 /* AsyncOperation.swift in Sources */,
				C0D0676228222A5800E87E09 /* TiltShiftOperation.swift in Sources */,
			);
			runOnlyForDeploymentPostprocessing = 0;
		};
/* End PBXSourcesBuildPhase section */

/* Begin PBXVariantGroup section */
		C005722F2820FDCF0033DF7B /* Main.storyboard */ = {
			isa = PBXVariantGroup;
			children = (
				C00572302820FDCF0033DF7B /* Base */,
			);
			name = Main.storyboard;
			sourceTree = "<group>";
		};
		C00572342820FDD10033DF7B /* LaunchScreen.storyboard */ = {
			isa = PBXVariantGroup;
			children = (
				C00572352820FDD10033DF7B /* Base */,
			);
			name = LaunchScreen.storyboard;
			sourceTree = "<group>";
		};
		C00572492820FE1D0033DF7B /* Main.storyboard */ = {
			isa = PBXVariantGroup;
			children = (
				C005724A2820FE1D0033DF7B /* Base */,
			);
			name = Main.storyboard;
			sourceTree = "<group>";
		};
		C005724E2820FE1F0033DF7B /* LaunchScreen.storyboard */ = {
			isa = PBXVariantGroup;
			children = (
				C005724F2820FE1F0033DF7B /* Base */,
			);
			name = LaunchScreen.storyboard;
			sourceTree = "<group>";
		};
		C005726C28210D660033DF7B /* Main.storyboard */ = {
			isa = PBXVariantGroup;
			children = (
				C005726D28210D660033DF7B /* Base */,
			);
			name = Main.storyboard;
			sourceTree = "<group>";
		};
		C005727128210D680033DF7B /* LaunchScreen.storyboard */ = {
			isa = PBXVariantGroup;
			children = (
				C005727228210D680033DF7B /* Base */,
			);
			name = LaunchScreen.storyboard;
			sourceTree = "<group>";
		};
		C0D0672428216E3600E87E09 /* Main.storyboard */ = {
			isa = PBXVariantGroup;
			children = (
				C0D0672528216E3600E87E09 /* Base */,
			);
			name = Main.storyboard;
			sourceTree = "<group>";
		};
		C0D0672928216E3800E87E09 /* LaunchScreen.storyboard */ = {
			isa = PBXVariantGroup;
			children = (
				C0D0672A28216E3800E87E09 /* Base */,
			);
			name = LaunchScreen.storyboard;
			sourceTree = "<group>";
		};
		C0D0673E2822250000E87E09 /* Main.storyboard */ = {
			isa = PBXVariantGroup;
			children = (
				C0D0673F2822250000E87E09 /* Base */,
			);
			name = Main.storyboard;
			sourceTree = "<group>";
		};
		C0D067432822250400E87E09 /* LaunchScreen.storyboard */ = {
			isa = PBXVariantGroup;
			children = (
				C0D067442822250400E87E09 /* Base */,
			);
			name = LaunchScreen.storyboard;
			sourceTree = "<group>";
		};
/* End PBXVariantGroup section */

/* Begin XCBuildConfiguration section */
		C00572382820FDD10033DF7B /* Debug */ = {
			isa = XCBuildConfiguration;
			buildSettings = {
				ALWAYS_SEARCH_USER_PATHS = NO;
				CLANG_ANALYZER_NONNULL = YES;
				CLANG_ANALYZER_NUMBER_OBJECT_CONVERSION = YES_AGGRESSIVE;
				CLANG_CXX_LANGUAGE_STANDARD = "gnu++17";
				CLANG_ENABLE_MODULES = YES;
				CLANG_ENABLE_OBJC_ARC = YES;
				CLANG_ENABLE_OBJC_WEAK = YES;
				CLANG_WARN_BLOCK_CAPTURE_AUTORELEASING = YES;
				CLANG_WARN_BOOL_CONVERSION = YES;
				CLANG_WARN_COMMA = YES;
				CLANG_WARN_CONSTANT_CONVERSION = YES;
				CLANG_WARN_DEPRECATED_OBJC_IMPLEMENTATIONS = YES;
				CLANG_WARN_DIRECT_OBJC_ISA_USAGE = YES_ERROR;
				CLANG_WARN_DOCUMENTATION_COMMENTS = YES;
				CLANG_WARN_EMPTY_BODY = YES;
				CLANG_WARN_ENUM_CONVERSION = YES;
				CLANG_WARN_INFINITE_RECURSION = YES;
				CLANG_WARN_INT_CONVERSION = YES;
				CLANG_WARN_NON_LITERAL_NULL_CONVERSION = YES;
				CLANG_WARN_OBJC_IMPLICIT_RETAIN_SELF = YES;
				CLANG_WARN_OBJC_LITERAL_CONVERSION = YES;
				CLANG_WARN_OBJC_ROOT_CLASS = YES_ERROR;
				CLANG_WARN_QUOTED_INCLUDE_IN_FRAMEWORK_HEADER = YES;
				CLANG_WARN_RANGE_LOOP_ANALYSIS = YES;
				CLANG_WARN_STRICT_PROTOTYPES = YES;
				CLANG_WARN_SUSPICIOUS_MOVE = YES;
				CLANG_WARN_UNGUARDED_AVAILABILITY = YES_AGGRESSIVE;
				CLANG_WARN_UNREACHABLE_CODE = YES;
				CLANG_WARN__DUPLICATE_METHOD_MATCH = YES;
				COPY_PHASE_STRIP = NO;
				DEBUG_INFORMATION_FORMAT = dwarf;
				ENABLE_STRICT_OBJC_MSGSEND = YES;
				ENABLE_TESTABILITY = YES;
				GCC_C_LANGUAGE_STANDARD = gnu11;
				GCC_DYNAMIC_NO_PIC = NO;
				GCC_NO_COMMON_BLOCKS = YES;
				GCC_OPTIMIZATION_LEVEL = 0;
				GCC_PREPROCESSOR_DEFINITIONS = (
					"DEBUG=1",
					"$(inherited)",
				);
				GCC_WARN_64_TO_32_BIT_CONVERSION = YES;
				GCC_WARN_ABOUT_RETURN_TYPE = YES_ERROR;
				GCC_WARN_UNDECLARED_SELECTOR = YES;
				GCC_WARN_UNINITIALIZED_AUTOS = YES_AGGRESSIVE;
				GCC_WARN_UNUSED_FUNCTION = YES;
				GCC_WARN_UNUSED_VARIABLE = YES;
				IPHONEOS_DEPLOYMENT_TARGET = 15.4;
				MTL_ENABLE_DEBUG_INFO = INCLUDE_SOURCE;
				MTL_FAST_MATH = YES;
				ONLY_ACTIVE_ARCH = YES;
				SDKROOT = iphoneos;
				SWIFT_ACTIVE_COMPILATION_CONDITIONS = DEBUG;
				SWIFT_OPTIMIZATION_LEVEL = "-Onone";
			};
			name = Debug;
		};
		C00572392820FDD10033DF7B /* Release */ = {
			isa = XCBuildConfiguration;
			buildSettings = {
				ALWAYS_SEARCH_USER_PATHS = NO;
				CLANG_ANALYZER_NONNULL = YES;
				CLANG_ANALYZER_NUMBER_OBJECT_CONVERSION = YES_AGGRESSIVE;
				CLANG_CXX_LANGUAGE_STANDARD = "gnu++17";
				CLANG_ENABLE_MODULES = YES;
				CLANG_ENABLE_OBJC_ARC = YES;
				CLANG_ENABLE_OBJC_WEAK = YES;
				CLANG_WARN_BLOCK_CAPTURE_AUTORELEASING = YES;
				CLANG_WARN_BOOL_CONVERSION = YES;
				CLANG_WARN_COMMA = YES;
				CLANG_WARN_CONSTANT_CONVERSION = YES;
				CLANG_WARN_DEPRECATED_OBJC_IMPLEMENTATIONS = YES;
				CLANG_WARN_DIRECT_OBJC_ISA_USAGE = YES_ERROR;
				CLANG_WARN_DOCUMENTATION_COMMENTS = YES;
				CLANG_WARN_EMPTY_BODY = YES;
				CLANG_WARN_ENUM_CONVERSION = YES;
				CLANG_WARN_INFINITE_RECURSION = YES;
				CLANG_WARN_INT_CONVERSION = YES;
				CLANG_WARN_NON_LITERAL_NULL_CONVERSION = YES;
				CLANG_WARN_OBJC_IMPLICIT_RETAIN_SELF = YES;
				CLANG_WARN_OBJC_LITERAL_CONVERSION = YES;
				CLANG_WARN_OBJC_ROOT_CLASS = YES_ERROR;
				CLANG_WARN_QUOTED_INCLUDE_IN_FRAMEWORK_HEADER = YES;
				CLANG_WARN_RANGE_LOOP_ANALYSIS = YES;
				CLANG_WARN_STRICT_PROTOTYPES = YES;
				CLANG_WARN_SUSPICIOUS_MOVE = YES;
				CLANG_WARN_UNGUARDED_AVAILABILITY = YES_AGGRESSIVE;
				CLANG_WARN_UNREACHABLE_CODE = YES;
				CLANG_WARN__DUPLICATE_METHOD_MATCH = YES;
				COPY_PHASE_STRIP = NO;
				DEBUG_INFORMATION_FORMAT = "dwarf-with-dsym";
				ENABLE_NS_ASSERTIONS = NO;
				ENABLE_STRICT_OBJC_MSGSEND = YES;
				GCC_C_LANGUAGE_STANDARD = gnu11;
				GCC_NO_COMMON_BLOCKS = YES;
				GCC_WARN_64_TO_32_BIT_CONVERSION = YES;
				GCC_WARN_ABOUT_RETURN_TYPE = YES_ERROR;
				GCC_WARN_UNDECLARED_SELECTOR = YES;
				GCC_WARN_UNINITIALIZED_AUTOS = YES_AGGRESSIVE;
				GCC_WARN_UNUSED_FUNCTION = YES;
				GCC_WARN_UNUSED_VARIABLE = YES;
				IPHONEOS_DEPLOYMENT_TARGET = 15.4;
				MTL_ENABLE_DEBUG_INFO = NO;
				MTL_FAST_MATH = YES;
				SDKROOT = iphoneos;
				SWIFT_COMPILATION_MODE = wholemodule;
				SWIFT_OPTIMIZATION_LEVEL = "-O";
				VALIDATE_PRODUCT = YES;
			};
			name = Release;
		};
		C005723B2820FDD10033DF7B /* Debug */ = {
			isa = XCBuildConfiguration;
			buildSettings = {
				ASSETCATALOG_COMPILER_APPICON_NAME = AppIcon;
				ASSETCATALOG_COMPILER_GLOBAL_ACCENT_COLOR_NAME = AccentColor;
				CODE_SIGN_STYLE = Automatic;
				CURRENT_PROJECT_VERSION = 1;
				GENERATE_INFOPLIST_FILE = YES;
				INFOPLIST_FILE = LearnOperation/Info.plist;
				INFOPLIST_KEY_UIApplicationSupportsIndirectInputEvents = YES;
				INFOPLIST_KEY_UILaunchStoryboardName = LaunchScreen;
				INFOPLIST_KEY_UIMainStoryboardFile = Main;
				INFOPLIST_KEY_UISupportedInterfaceOrientations_iPad = "UIInterfaceOrientationPortrait UIInterfaceOrientationPortraitUpsideDown UIInterfaceOrientationLandscapeLeft UIInterfaceOrientationLandscapeRight";
				INFOPLIST_KEY_UISupportedInterfaceOrientations_iPhone = "UIInterfaceOrientationPortrait UIInterfaceOrientationLandscapeLeft UIInterfaceOrientationLandscapeRight";
				LD_RUNPATH_SEARCH_PATHS = (
					"$(inherited)",
					"@executable_path/Frameworks",
				);
				MARKETING_VERSION = 1.0;
				PRODUCT_BUNDLE_IDENTIFIER = com.webank.LearnOperation;
				PRODUCT_NAME = "$(TARGET_NAME)";
				SWIFT_EMIT_LOC_STRINGS = YES;
				SWIFT_VERSION = 5.0;
				TARGETED_DEVICE_FAMILY = "1,2";
			};
			name = Debug;
		};
		C005723C2820FDD10033DF7B /* Release */ = {
			isa = XCBuildConfiguration;
			buildSettings = {
				ASSETCATALOG_COMPILER_APPICON_NAME = AppIcon;
				ASSETCATALOG_COMPILER_GLOBAL_ACCENT_COLOR_NAME = AccentColor;
				CODE_SIGN_STYLE = Automatic;
				CURRENT_PROJECT_VERSION = 1;
				GENERATE_INFOPLIST_FILE = YES;
				INFOPLIST_FILE = LearnOperation/Info.plist;
				INFOPLIST_KEY_UIApplicationSupportsIndirectInputEvents = YES;
				INFOPLIST_KEY_UILaunchStoryboardName = LaunchScreen;
				INFOPLIST_KEY_UIMainStoryboardFile = Main;
				INFOPLIST_KEY_UISupportedInterfaceOrientations_iPad = "UIInterfaceOrientationPortrait UIInterfaceOrientationPortraitUpsideDown UIInterfaceOrientationLandscapeLeft UIInterfaceOrientationLandscapeRight";
				INFOPLIST_KEY_UISupportedInterfaceOrientations_iPhone = "UIInterfaceOrientationPortrait UIInterfaceOrientationLandscapeLeft UIInterfaceOrientationLandscapeRight";
				LD_RUNPATH_SEARCH_PATHS = (
					"$(inherited)",
					"@executable_path/Frameworks",
				);
				MARKETING_VERSION = 1.0;
				PRODUCT_BUNDLE_IDENTIFIER = com.webank.LearnOperation;
				PRODUCT_NAME = "$(TARGET_NAME)";
				SWIFT_EMIT_LOC_STRINGS = YES;
				SWIFT_VERSION = 5.0;
				TARGETED_DEVICE_FAMILY = "1,2";
			};
			name = Release;
		};
		C00572532820FE1F0033DF7B /* Debug */ = {
			isa = XCBuildConfiguration;
			buildSettings = {
				ASSETCATALOG_COMPILER_APPICON_NAME = AppIcon;
				ASSETCATALOG_COMPILER_GLOBAL_ACCENT_COLOR_NAME = AccentColor;
				CODE_SIGN_STYLE = Automatic;
				CURRENT_PROJECT_VERSION = 1;
				GENERATE_INFOPLIST_FILE = YES;
				INFOPLIST_FILE = ChainedAsyncOperation/Info.plist;
				INFOPLIST_KEY_UIApplicationSupportsIndirectInputEvents = YES;
				INFOPLIST_KEY_UILaunchStoryboardName = LaunchScreen;
				INFOPLIST_KEY_UIMainStoryboardFile = Main;
				INFOPLIST_KEY_UISupportedInterfaceOrientations_iPad = "UIInterfaceOrientationPortrait UIInterfaceOrientationPortraitUpsideDown UIInterfaceOrientationLandscapeLeft UIInterfaceOrientationLandscapeRight";
				INFOPLIST_KEY_UISupportedInterfaceOrientations_iPhone = "UIInterfaceOrientationPortrait UIInterfaceOrientationLandscapeLeft UIInterfaceOrientationLandscapeRight";
				LD_RUNPATH_SEARCH_PATHS = (
					"$(inherited)",
					"@executable_path/Frameworks",
				);
				MARKETING_VERSION = 1.0;
				PRODUCT_BUNDLE_IDENTIFIER = com.webank.ChainedAsyncOperation;
				PRODUCT_NAME = "$(TARGET_NAME)";
				SWIFT_EMIT_LOC_STRINGS = YES;
				SWIFT_VERSION = 5.0;
				TARGETED_DEVICE_FAMILY = "1,2";
			};
			name = Debug;
		};
		C00572542820FE1F0033DF7B /* Release */ = {
			isa = XCBuildConfiguration;
			buildSettings = {
				ASSETCATALOG_COMPILER_APPICON_NAME = AppIcon;
				ASSETCATALOG_COMPILER_GLOBAL_ACCENT_COLOR_NAME = AccentColor;
				CODE_SIGN_STYLE = Automatic;
				CURRENT_PROJECT_VERSION = 1;
				GENERATE_INFOPLIST_FILE = YES;
				INFOPLIST_FILE = ChainedAsyncOperation/Info.plist;
				INFOPLIST_KEY_UIApplicationSupportsIndirectInputEvents = YES;
				INFOPLIST_KEY_UILaunchStoryboardName = LaunchScreen;
				INFOPLIST_KEY_UIMainStoryboardFile = Main;
				INFOPLIST_KEY_UISupportedInterfaceOrientations_iPad = "UIInterfaceOrientationPortrait UIInterfaceOrientationPortraitUpsideDown UIInterfaceOrientationLandscapeLeft UIInterfaceOrientationLandscapeRight";
				INFOPLIST_KEY_UISupportedInterfaceOrientations_iPhone = "UIInterfaceOrientationPortrait UIInterfaceOrientationLandscapeLeft UIInterfaceOrientationLandscapeRight";
				LD_RUNPATH_SEARCH_PATHS = (
					"$(inherited)",
					"@executable_path/Frameworks",
				);
				MARKETING_VERSION = 1.0;
				PRODUCT_BUNDLE_IDENTIFIER = com.webank.ChainedAsyncOperation;
				PRODUCT_NAME = "$(TARGET_NAME)";
				SWIFT_EMIT_LOC_STRINGS = YES;
				SWIFT_VERSION = 5.0;
				TARGETED_DEVICE_FAMILY = "1,2";
			};
			name = Release;
		};
		C005727628210D680033DF7B /* Debug */ = {
			isa = XCBuildConfiguration;
			buildSettings = {
				ASSETCATALOG_COMPILER_APPICON_NAME = AppIcon;
				ASSETCATALOG_COMPILER_GLOBAL_ACCENT_COLOR_NAME = AccentColor;
				CODE_SIGN_STYLE = Automatic;
				CURRENT_PROJECT_VERSION = 1;
				GENERATE_INFOPLIST_FILE = YES;
				INFOPLIST_FILE = ChainedAsyncOperation2/Info.plist;
				INFOPLIST_KEY_UIApplicationSupportsIndirectInputEvents = YES;
				INFOPLIST_KEY_UILaunchStoryboardName = LaunchScreen;
				INFOPLIST_KEY_UIMainStoryboardFile = Main;
				INFOPLIST_KEY_UISupportedInterfaceOrientations_iPad = "UIInterfaceOrientationPortrait UIInterfaceOrientationPortraitUpsideDown UIInterfaceOrientationLandscapeLeft UIInterfaceOrientationLandscapeRight";
				INFOPLIST_KEY_UISupportedInterfaceOrientations_iPhone = "UIInterfaceOrientationPortrait UIInterfaceOrientationLandscapeLeft UIInterfaceOrientationLandscapeRight";
				LD_RUNPATH_SEARCH_PATHS = (
					"$(inherited)",
					"@executable_path/Frameworks",
				);
				MARKETING_VERSION = 1.0;
				PRODUCT_BUNDLE_IDENTIFIER = com.webank.ChainedAsyncOperation2;
				PRODUCT_NAME = "$(TARGET_NAME)";
				SWIFT_EMIT_LOC_STRINGS = YES;
				SWIFT_VERSION = 5.0;
				TARGETED_DEVICE_FAMILY = "1,2";
			};
			name = Debug;
		};
		C005727728210D680033DF7B /* Release */ = {
			isa = XCBuildConfiguration;
			buildSettings = {
				ASSETCATALOG_COMPILER_APPICON_NAME = AppIcon;
				ASSETCATALOG_COMPILER_GLOBAL_ACCENT_COLOR_NAME = AccentColor;
				CODE_SIGN_STYLE = Automatic;
				CURRENT_PROJECT_VERSION = 1;
				GENERATE_INFOPLIST_FILE = YES;
				INFOPLIST_FILE = ChainedAsyncOperation2/Info.plist;
				INFOPLIST_KEY_UIApplicationSupportsIndirectInputEvents = YES;
				INFOPLIST_KEY_UILaunchStoryboardName = LaunchScreen;
				INFOPLIST_KEY_UIMainStoryboardFile = Main;
				INFOPLIST_KEY_UISupportedInterfaceOrientations_iPad = "UIInterfaceOrientationPortrait UIInterfaceOrientationPortraitUpsideDown UIInterfaceOrientationLandscapeLeft UIInterfaceOrientationLandscapeRight";
				INFOPLIST_KEY_UISupportedInterfaceOrientations_iPhone = "UIInterfaceOrientationPortrait UIInterfaceOrientationLandscapeLeft UIInterfaceOrientationLandscapeRight";
				LD_RUNPATH_SEARCH_PATHS = (
					"$(inherited)",
					"@executable_path/Frameworks",
				);
				MARKETING_VERSION = 1.0;
				PRODUCT_BUNDLE_IDENTIFIER = com.webank.ChainedAsyncOperation2;
				PRODUCT_NAME = "$(TARGET_NAME)";
				SWIFT_EMIT_LOC_STRINGS = YES;
				SWIFT_VERSION = 5.0;
				TARGETED_DEVICE_FAMILY = "1,2";
			};
			name = Release;
		};
		C0D0672D28216E3800E87E09 /* Debug */ = {
			isa = XCBuildConfiguration;
			buildSettings = {
				ASSETCATALOG_COMPILER_APPICON_NAME = AppIcon;
				ASSETCATALOG_COMPILER_GLOBAL_ACCENT_COLOR_NAME = AccentColor;
				CODE_SIGN_STYLE = Automatic;
				CURRENT_PROJECT_VERSION = 1;
				GENERATE_INFOPLIST_FILE = YES;
				INFOPLIST_FILE = SimpleSD/Info.plist;
				INFOPLIST_KEY_UIApplicationSupportsIndirectInputEvents = YES;
				INFOPLIST_KEY_UILaunchStoryboardName = LaunchScreen;
				INFOPLIST_KEY_UIMainStoryboardFile = Main;
				INFOPLIST_KEY_UISupportedInterfaceOrientations_iPad = "UIInterfaceOrientationPortrait UIInterfaceOrientationPortraitUpsideDown UIInterfaceOrientationLandscapeLeft UIInterfaceOrientationLandscapeRight";
				INFOPLIST_KEY_UISupportedInterfaceOrientations_iPhone = "UIInterfaceOrientationPortrait UIInterfaceOrientationLandscapeLeft UIInterfaceOrientationLandscapeRight";
				LD_RUNPATH_SEARCH_PATHS = (
					"$(inherited)",
					"@executable_path/Frameworks",
				);
				MARKETING_VERSION = 1.0;
				PRODUCT_BUNDLE_IDENTIFIER = com.webank.SimpleSD;
				PRODUCT_NAME = "$(TARGET_NAME)";
				SWIFT_EMIT_LOC_STRINGS = YES;
				SWIFT_VERSION = 5.0;
				TARGETED_DEVICE_FAMILY = "1,2";
			};
			name = Debug;
		};
		C0D0672E28216E3800E87E09 /* Release */ = {
			isa = XCBuildConfiguration;
			buildSettings = {
				ASSETCATALOG_COMPILER_APPICON_NAME = AppIcon;
				ASSETCATALOG_COMPILER_GLOBAL_ACCENT_COLOR_NAME = AccentColor;
				CODE_SIGN_STYLE = Automatic;
				CURRENT_PROJECT_VERSION = 1;
				GENERATE_INFOPLIST_FILE = YES;
				INFOPLIST_FILE = SimpleSD/Info.plist;
				INFOPLIST_KEY_UIApplicationSupportsIndirectInputEvents = YES;
				INFOPLIST_KEY_UILaunchStoryboardName = LaunchScreen;
				INFOPLIST_KEY_UIMainStoryboardFile = Main;
				INFOPLIST_KEY_UISupportedInterfaceOrientations_iPad = "UIInterfaceOrientationPortrait UIInterfaceOrientationPortraitUpsideDown UIInterfaceOrientationLandscapeLeft UIInterfaceOrientationLandscapeRight";
				INFOPLIST_KEY_UISupportedInterfaceOrientations_iPhone = "UIInterfaceOrientationPortrait UIInterfaceOrientationLandscapeLeft UIInterfaceOrientationLandscapeRight";
				LD_RUNPATH_SEARCH_PATHS = (
					"$(inherited)",
					"@executable_path/Frameworks",
				);
				MARKETING_VERSION = 1.0;
				PRODUCT_BUNDLE_IDENTIFIER = com.webank.SimpleSD;
				PRODUCT_NAME = "$(TARGET_NAME)";
				SWIFT_EMIT_LOC_STRINGS = YES;
				SWIFT_VERSION = 5.0;
				TARGETED_DEVICE_FAMILY = "1,2";
			};
			name = Release;
		};
		C0D067472822250400E87E09 /* Debug */ = {
			isa = XCBuildConfiguration;
			buildSettings = {
				ASSETCATALOG_COMPILER_APPICON_NAME = AppIcon;
				ASSETCATALOG_COMPILER_GLOBAL_ACCENT_COLOR_NAME = AccentColor;
				CODE_SIGN_STYLE = Automatic;
				CURRENT_PROJECT_VERSION = 1;
				GENERATE_INFOPLIST_FILE = YES;
				INFOPLIST_FILE = OperationPractice/Info.plist;
				INFOPLIST_KEY_UIApplicationSupportsIndirectInputEvents = YES;
				INFOPLIST_KEY_UILaunchStoryboardName = LaunchScreen;
				INFOPLIST_KEY_UIMainStoryboardFile = Main;
				INFOPLIST_KEY_UISupportedInterfaceOrientations_iPad = "UIInterfaceOrientationPortrait UIInterfaceOrientationPortraitUpsideDown UIInterfaceOrientationLandscapeLeft UIInterfaceOrientationLandscapeRight";
				INFOPLIST_KEY_UISupportedInterfaceOrientations_iPhone = "UIInterfaceOrientationPortrait UIInterfaceOrientationLandscapeLeft UIInterfaceOrientationLandscapeRight";
				LD_RUNPATH_SEARCH_PATHS = (
					"$(inherited)",
					"@executable_path/Frameworks",
				);
				MARKETING_VERSION = 1.0;
				PRODUCT_BUNDLE_IDENTIFIER = com.webank.OperationPractice;
				PRODUCT_NAME = "$(TARGET_NAME)";
				SWIFT_EMIT_LOC_STRINGS = YES;
				SWIFT_VERSION = 5.0;
				TARGETED_DEVICE_FAMILY = "1,2";
			};
			name = Debug;
		};
		C0D067482822250400E87E09 /* Release */ = {
			isa = XCBuildConfiguration;
			buildSettings = {
				ASSETCATALOG_COMPILER_APPICON_NAME = AppIcon;
				ASSETCATALOG_COMPILER_GLOBAL_ACCENT_COLOR_NAME = AccentColor;
				CODE_SIGN_STYLE = Automatic;
				CURRENT_PROJECT_VERSION = 1;
				GENERATE_INFOPLIST_FILE = YES;
				INFOPLIST_FILE = OperationPractice/Info.plist;
				INFOPLIST_KEY_UIApplicationSupportsIndirectInputEvents = YES;
				INFOPLIST_KEY_UILaunchStoryboardName = LaunchScreen;
				INFOPLIST_KEY_UIMainStoryboardFile = Main;
				INFOPLIST_KEY_UISupportedInterfaceOrientations_iPad = "UIInterfaceOrientationPortrait UIInterfaceOrientationPortraitUpsideDown UIInterfaceOrientationLandscapeLeft UIInterfaceOrientationLandscapeRight";
				INFOPLIST_KEY_UISupportedInterfaceOrientations_iPhone = "UIInterfaceOrientationPortrait UIInterfaceOrientationLandscapeLeft UIInterfaceOrientationLandscapeRight";
				LD_RUNPATH_SEARCH_PATHS = (
					"$(inherited)",
					"@executable_path/Frameworks",
				);
				MARKETING_VERSION = 1.0;
				PRODUCT_BUNDLE_IDENTIFIER = com.webank.OperationPractice;
				PRODUCT_NAME = "$(TARGET_NAME)";
				SWIFT_EMIT_LOC_STRINGS = YES;
				SWIFT_VERSION = 5.0;
				TARGETED_DEVICE_FAMILY = "1,2";
			};
			name = Release;
		};
/* End XCBuildConfiguration section */

/* Begin XCConfigurationList section */
		C00572212820FDCF0033DF7B /* Build configuration list for PBXProject "LearnOperation" */ = {
			isa = XCConfigurationList;
			buildConfigurations = (
				C00572382820FDD10033DF7B /* Debug */,
				C00572392820FDD10033DF7B /* Release */,
			);
			defaultConfigurationIsVisible = 0;
			defaultConfigurationName = Release;
		};
		C005723A2820FDD10033DF7B /* Build configuration list for PBXNativeTarget "LearnOperation" */ = {
			isa = XCConfigurationList;
			buildConfigurations = (
				C005723B2820FDD10033DF7B /* Debug */,
				C005723C2820FDD10033DF7B /* Release */,
			);
			defaultConfigurationIsVisible = 0;
			defaultConfigurationName = Release;
		};
		C00572522820FE1F0033DF7B /* Build configuration list for PBXNativeTarget "ChainedAsyncOperation" */ = {
			isa = XCConfigurationList;
			buildConfigurations = (
				C00572532820FE1F0033DF7B /* Debug */,
				C00572542820FE1F0033DF7B /* Release */,
			);
			defaultConfigurationIsVisible = 0;
			defaultConfigurationName = Release;
		};
		C005727528210D680033DF7B /* Build configuration list for PBXNativeTarget "ChainedAsyncOperation2" */ = {
			isa = XCConfigurationList;
			buildConfigurations = (
				C005727628210D680033DF7B /* Debug */,
				C005727728210D680033DF7B /* Release */,
			);
			defaultConfigurationIsVisible = 0;
			defaultConfigurationName = Release;
		};
		C0D0672F28216E3800E87E09 /* Build configuration list for PBXNativeTarget "SimpleSD" */ = {
			isa = XCConfigurationList;
			buildConfigurations = (
				C0D0672D28216E3800E87E09 /* Debug */,
				C0D0672E28216E3800E87E09 /* Release */,
			);
			defaultConfigurationIsVisible = 0;
			defaultConfigurationName = Release;
		};
		C0D067492822250400E87E09 /* Build configuration list for PBXNativeTarget "OperationPractice" */ = {
			isa = XCConfigurationList;
			buildConfigurations = (
				C0D067472822250400E87E09 /* Debug */,
				C0D067482822250400E87E09 /* Release */,
			);
			defaultConfigurationIsVisible = 0;
			defaultConfigurationName = Release;
		};
/* End XCConfigurationList section */
	};
	rootObject = C005721E2820FDCF0033DF7B /* Project object */;
}
